
Microsoft Visual Studio Solution File, Format Version 12.00
# Visual Studio 14
VisualStudioVersion = 14.0.25420.1
MinimumVisualStudioVersion = 10.0.40219.1
Project("{8BB2217D-0F2D-49D1-97BC-3654ED321F3B}") = "SupStockMan.Site", "src\SupStockMan.Site\SupStockMan.Site.xproj", "{BAEEA857-2997-4AE2-A32A-BD6273FBBC4C}"
EndProject
Project("{2150E333-8FDC-42A3-9474-1A3956D46DE8}") = "Solution Items", "Solution Items", "{0DD02A61-CB1F-4B9C-A3B7-4BFA48CF44F6}"
	ProjectSection(SolutionItems) = preProject
		.gitignore = .gitignore
		README.md = README.md
	EndProjectSection
EndProject
Project("{8BB2217D-0F2D-49D1-97BC-3654ED321F3B}") = "SupStockMan.Site.Tests", "src\SupStockMan.Site.Tests\SupStockMan.Site.Tests.xproj", "{6699546C-6D0C-480E-B3BD-4EA32C294F8F}"
EndProject
Global
	GlobalSection(SolutionConfigurationPlatforms) = preSolution
		Debug|Any CPU = Debug|Any CPU
		Release|Any CPU = Release|Any CPU
	EndGlobalSection
	GlobalSection(ProjectConfigurationPlatforms) = postSolution
		{BAEEA857-2997-4AE2-A32A-BD6273FBBC4C}.Debug|Any CPU.ActiveCfg = Debug|Any CPU
		{BAEEA857-2997-4AE2-A32A-BD6273FBBC4C}.Debug|Any CPU.Build.0 = Debug|Any CPU
		{BAEEA857-2997-4AE2-A32A-BD6273FBBC4C}.Release|Any CPU.ActiveCfg = Release|Any CPU
		{BAEEA857-2997-4AE2-A32A-BD6273FBBC4C}.Release|Any CPU.Build.0 = Release|Any CPU
		{6699546C-6D0C-480E-B3BD-4EA32C294F8F}.Debug|Any CPU.ActiveCfg = Debug|Any CPU
		{6699546C-6D0C-480E-B3BD-4EA32C294F8F}.Debug|Any CPU.Build.0 = Debug|Any CPU
		{6699546C-6D0C-480E-B3BD-4EA32C294F8F}.Release|Any CPU.ActiveCfg = Release|Any CPU
		{6699546C-6D0C-480E-B3BD-4EA32C294F8F}.Release|Any CPU.Build.0 = Release|Any CPU
	EndGlobalSection
	GlobalSection(SolutionProperties) = preSolution
		HideSolutionNode = FALSE
	EndGlobalSection
EndGlobal
